
Microsoft Visual Studio Solution File, Format Version 12.00
# Visual Studio 15
VisualStudioVersion = 15.0.28010.2016
MinimumVisualStudioVersion = 10.0.40219.1
Project("{9A19103F-16F7-4668-BE54-9A1E7A4F7556}") = "Bot", "Bot\Bot.csproj", "{4BE6CF9C-8FEC-4F9B-AFBF-A0DD2EDDA9FA}"
EndProject
Project("{FAE04EC0-301F-11D3-BF4B-00C04F79EFBC}") = "ConsoleApp1", "ConsoleApp1\ConsoleApp1.csproj", "{583AE0CB-9613-4E43-B57A-455911E5DB70}"
EndProject
Global
	GlobalSection(SolutionConfigurationPlatforms) = preSolution
		Debug|Any CPU = Debug|Any CPU
		Release|Any CPU = Release|Any CPU
	EndGlobalSection
	GlobalSection(ProjectConfigurationPlatforms) = postSolution
		{4BE6CF9C-8FEC-4F9B-AFBF-A0DD2EDDA9FA}.Debug|Any CPU.ActiveCfg = Debug|Any CPU
		{4BE6CF9C-8FEC-4F9B-AFBF-A0DD2EDDA9FA}.Debug|Any CPU.Build.0 = Debug|Any CPU
		{4BE6CF9C-8FEC-4F9B-AFBF-A0DD2EDDA9FA}.Release|Any CPU.ActiveCfg = Release|Any CPU
		{4BE6CF9C-8FEC-4F9B-AFBF-A0DD2EDDA9FA}.Release|Any CPU.Build.0 = Release|Any CPU
		{583AE0CB-9613-4E43-B57A-455911E5DB70}.Debug|Any CPU.ActiveCfg = Debug|Any CPU
		{583AE0CB-9613-4E43-B57A-455911E5DB70}.Debug|Any CPU.Build.0 = Debug|Any CPU
		{583AE0CB-9613-4E43-B57A-455911E5DB70}.Release|Any CPU.ActiveCfg = Release|Any CPU
		{583AE0CB-9613-4E43-B57A-455911E5DB70}.Release|Any CPU.Build.0 = Release|Any CPU
	EndGlobalSection
	GlobalSection(SolutionProperties) = preSolution
		HideSolutionNode = FALSE
	EndGlobalSection
	GlobalSection(ExtensibilityGlobals) = postSolution
		SolutionGuid = {E9E0BE56-7CAB-47D2-B76F-A96EED5E57B1}
	EndGlobalSection
EndGlobal
